
Microsoft Visual Studio Solution File, Format Version 12.00
# Visual Studio 15
Project("{FAE04EC0-301F-11D3-BF4B-00C04F79EFBC}") = "Assembly-CSharp", "Assembly-CSharp.csproj", "{830272CE-F45D-7C07-B854-074C3F4B4E0C}"
EndProject
Project("{FAE04EC0-301F-11D3-BF4B-00C04F79EFBC}") = "Assembly-CSharp-Editor", "Assembly-CSharp-Editor.csproj", "{9C5F2306-7F9E-E1B2-E6C2-3D6F3305E29D}"
EndProject
Global
	GlobalSection(SolutionConfigurationPlatforms) = preSolution
		Debug|Any CPU = Debug|Any CPU
		Release|Any CPU = Release|Any CPU
	EndGlobalSection
	GlobalSection(ProjectConfigurationPlatforms) = postSolution
		{830272CE-F45D-7C07-B854-074C3F4B4E0C}.Debug|Any CPU.ActiveCfg = Debug|Any CPU
		{830272CE-F45D-7C07-B854-074C3F4B4E0C}.Debug|Any CPU.Build.0 = Debug|Any CPU
		{830272CE-F45D-7C07-B854-074C3F4B4E0C}.Release|Any CPU.ActiveCfg = Release|Any CPU
		{830272CE-F45D-7C07-B854-074C3F4B4E0C}.Release|Any CPU.Build.0 = Release|Any CPU
		{9C5F2306-7F9E-E1B2-E6C2-3D6F3305E29D}.Debug|Any CPU.ActiveCfg = Debug|Any CPU
		{9C5F2306-7F9E-E1B2-E6C2-3D6F3305E29D}.Debug|Any CPU.Build.0 = Debug|Any CPU
		{9C5F2306-7F9E-E1B2-E6C2-3D6F3305E29D}.Release|Any CPU.ActiveCfg = Release|Any CPU
		{9C5F2306-7F9E-E1B2-E6C2-3D6F3305E29D}.Release|Any CPU.Build.0 = Release|Any CPU
	EndGlobalSection
	GlobalSection(SolutionProperties) = preSolution
		HideSolutionNode = FALSE
	EndGlobalSection
EndGlobal
